// !$*UTF8*$!
{
	archiveVersion = 1;
	classes = {
	};
	objectVersion = 46;
	objects = {

/* Begin PBXBuildFile section */
		CE08B7C61BCE07700063FCE5 /* Constraint.swift in Sources */ = {isa = PBXBuildFile; fileRef = CE08B7B81BCE07700063FCE5 /* Constraint.swift */; };
		CE08B7C71BCE07700063FCE5 /* ConstraintAttributes.swift in Sources */ = {isa = PBXBuildFile; fileRef = CE08B7B91BCE07700063FCE5 /* ConstraintAttributes.swift */; };
		CE08B7C81BCE07700063FCE5 /* ConstraintDescription.swift in Sources */ = {isa = PBXBuildFile; fileRef = CE08B7BA1BCE07700063FCE5 /* ConstraintDescription.swift */; };
		CE08B7C91BCE07700063FCE5 /* ConstraintItem.swift in Sources */ = {isa = PBXBuildFile; fileRef = CE08B7BB1BCE07700063FCE5 /* ConstraintItem.swift */; };
		CE08B7CA1BCE07700063FCE5 /* ConstraintMaker.swift in Sources */ = {isa = PBXBuildFile; fileRef = CE08B7BC1BCE07700063FCE5 /* ConstraintMaker.swift */; };
		CE08B7CB1BCE07700063FCE5 /* ConstraintRelation.swift in Sources */ = {isa = PBXBuildFile; fileRef = CE08B7BD1BCE07700063FCE5 /* ConstraintRelation.swift */; };
		CE08B7CC1BCE07700063FCE5 /* Debugging.swift in Sources */ = {isa = PBXBuildFile; fileRef = CE08B7BE1BCE07700063FCE5 /* Debugging.swift */; };
		CE08B7CD1BCE07700063FCE5 /* EdgeInsets.swift in Sources */ = {isa = PBXBuildFile; fileRef = CE08B7BF1BCE07700063FCE5 /* EdgeInsets.swift */; };
		CE08B7CF1BCE07700063FCE5 /* LayoutConstraint.swift in Sources */ = {isa = PBXBuildFile; fileRef = CE08B7C11BCE07700063FCE5 /* LayoutConstraint.swift */; };
		CE08B7D01BCE07700063FCE5 /* SnapKit.swift in Sources */ = {isa = PBXBuildFile; fileRef = CE08B7C31BCE07700063FCE5 /* SnapKit.swift */; };
		CE08B7D11BCE07700063FCE5 /* View+SnapKit.swift in Sources */ = {isa = PBXBuildFile; fileRef = CE08B7C41BCE07700063FCE5 /* View+SnapKit.swift */; };
		CE08B7D21BCE07700063FCE5 /* ViewController+SnapKit.swift in Sources */ = {isa = PBXBuildFile; fileRef = CE08B7C51BCE07700063FCE5 /* ViewController+SnapKit.swift */; };
		CE0B69491BE3708E006983F1 /* BGImagePickerController.swift in Sources */ = {isa = PBXBuildFile; fileRef = CE0B69341BE3708E006983F1 /* BGImagePickerController.swift */; };
		CE0B694A1BE3708E006983F1 /* BGPhotoBaseController.swift in Sources */ = {isa = PBXBuildFile; fileRef = CE0B69351BE3708E006983F1 /* BGPhotoBaseController.swift */; };
		CE0B694B1BE3708E006983F1 /* BGPhotoGrideController.swift in Sources */ = {isa = PBXBuildFile; fileRef = CE0B69361BE3708E006983F1 /* BGPhotoGrideController.swift */; };
		CE0B694C1BE3708E006983F1 /* BGPhotoGrideController.xib in Resources */ = {isa = PBXBuildFile; fileRef = CE0B69371BE3708E006983F1 /* BGPhotoGrideController.xib */; };
		CE0B694D1BE3708E006983F1 /* BGPhotoListViewController.swift in Sources */ = {isa = PBXBuildFile; fileRef = CE0B69381BE3708E006983F1 /* BGPhotoListViewController.swift */; };
		CE0B694E1BE3708E006983F1 /* BGPhotoPreviewViewController.swift in Sources */ = {isa = PBXBuildFile; fileRef = CE0B69391BE3708E006983F1 /* BGPhotoPreviewViewController.swift */; };
		CE0B694F1BE3708E006983F1 /* BGPhotoPreviewViewController.xib in Resources */ = {isa = PBXBuildFile; fileRef = CE0B693A1BE3708E006983F1 /* BGPhotoPreviewViewController.xib */; };
		CE0B69501BE3708E006983F1 /* BGPhotoAblum.swift in Sources */ = {isa = PBXBuildFile; fileRef = CE0B693C1BE3708E006983F1 /* BGPhotoAblum.swift */; };
		CE0B69511BE3708E006983F1 /* BGPhotoAsset.swift in Sources */ = {isa = PBXBuildFile; fileRef = CE0B693D1BE3708E006983F1 /* BGPhotoAsset.swift */; };
		CE0B69521BE3708E006983F1 /* AssetsPickerChecked@2x.png in Resources */ = {isa = PBXBuildFile; fileRef = CE0B693F1BE3708E006983F1 /* AssetsPickerChecked@2x.png */; };
		CE0B69531BE3708E006983F1 /* nav_back@2x.png in Resources */ = {isa = PBXBuildFile; fileRef = CE0B69401BE3708E006983F1 /* nav_back@2x.png */; };
		CE0B69541BE3708E006983F1 /* BGPhotoGrideCell.swift in Sources */ = {isa = PBXBuildFile; fileRef = CE0B69421BE3708E006983F1 /* BGPhotoGrideCell.swift */; };
		CE0B69551BE3708E006983F1 /* BGPhotoGrideCell.xib in Resources */ = {isa = PBXBuildFile; fileRef = CE0B69431BE3708E006983F1 /* BGPhotoGrideCell.xib */; };
		CE0B69561BE3708E006983F1 /* BGPhotoListCell.swift in Sources */ = {isa = PBXBuildFile; fileRef = CE0B69441BE3708E006983F1 /* BGPhotoListCell.swift */; };
		CE0B69571BE3708E006983F1 /* BGPhotoListCell.xib in Resources */ = {isa = PBXBuildFile; fileRef = CE0B69451BE3708E006983F1 /* BGPhotoListCell.xib */; };
		CE0B69581BE3708E006983F1 /* BGPhotoPreviewCell.swift in Sources */ = {isa = PBXBuildFile; fileRef = CE0B69461BE3708E006983F1 /* BGPhotoPreviewCell.swift */; };
		CE0B69591BE3708E006983F1 /* BGPhotoPreviewCell.xib in Resources */ = {isa = PBXBuildFile; fileRef = CE0B69471BE3708E006983F1 /* BGPhotoPreviewCell.xib */; };
		CE0B69721BE37403006983F1 /* BGSelectImageLayout.swift in Sources */ = {isa = PBXBuildFile; fileRef = CE0B69711BE37403006983F1 /* BGSelectImageLayout.swift */; };
		CE0B69801BE37454006983F1 /* BGConstant.swift in Sources */ = {isa = PBXBuildFile; fileRef = CE0B69751BE37454006983F1 /* BGConstant.swift */; };
		CE0B69811BE37454006983F1 /* BGUtilFunction.swift in Sources */ = {isa = PBXBuildFile; fileRef = CE0B69761BE37454006983F1 /* BGUtilFunction.swift */; };
		CE0B69821BE37454006983F1 /* CGRect+BGExtension.swift in Sources */ = {isa = PBXBuildFile; fileRef = CE0B69781BE37454006983F1 /* CGRect+BGExtension.swift */; };
		CE0B69831BE37454006983F1 /* UIButton+BGExtension.swift in Sources */ = {isa = PBXBuildFile; fileRef = CE0B69791BE37454006983F1 /* UIButton+BGExtension.swift */; };
		CE0B69841BE37454006983F1 /* UICollectionViewCell+BGExtension.swift in Sources */ = {isa = PBXBuildFile; fileRef = CE0B697A1BE37454006983F1 /* UICollectionViewCell+BGExtension.swift */; };
		CE0B69851BE37454006983F1 /* UIImage+BGExtension.swift in Sources */ = {isa = PBXBuildFile; fileRef = CE0B697B1BE37454006983F1 /* UIImage+BGExtension.swift */; };
		CE0B69861BE37454006983F1 /* UITableViewCell+BGExtension.swift in Sources */ = {isa = PBXBuildFile; fileRef = CE0B697C1BE37454006983F1 /* UITableViewCell+BGExtension.swift */; };
		CE0B69871BE37454006983F1 /* UIView+BGExtension.swift in Sources */ = {isa = PBXBuildFile; fileRef = CE0B697D1BE37454006983F1 /* UIView+BGExtension.swift */; };
		CE0B69881BE37454006983F1 /* UIViewController+BGExtension.swift in Sources */ = {isa = PBXBuildFile; fileRef = CE0B697E1BE37454006983F1 /* UIViewController+BGExtension.swift */; };
		CE0B698A1BE374F8006983F1 /* BGBaseViewController.swift in Sources */ = {isa = PBXBuildFile; fileRef = CE0B69891BE374F8006983F1 /* BGBaseViewController.swift */; };
		CE0C0BAC1BCCE99C007878EE /* AppDelegate.swift in Sources */ = {isa = PBXBuildFile; fileRef = CE0C0BAB1BCCE99C007878EE /* AppDelegate.swift */; };
		CE0C0BAE1BCCE99C007878EE /* ViewController.swift in Sources */ = {isa = PBXBuildFile; fileRef = CE0C0BAD1BCCE99C007878EE /* ViewController.swift */; };
		CE0C0BB11BCCE99C007878EE /* Main.storyboard in Resources */ = {isa = PBXBuildFile; fileRef = CE0C0BAF1BCCE99C007878EE /* Main.storyboard */; };
		CE0C0BB31BCCE99C007878EE /* Assets.xcassets in Resources */ = {isa = PBXBuildFile; fileRef = CE0C0BB21BCCE99C007878EE /* Assets.xcassets */; };
		CE0C0BB61BCCE99C007878EE /* LaunchScreen.storyboard in Resources */ = {isa = PBXBuildFile; fileRef = CE0C0BB41BCCE99C007878EE /* LaunchScreen.storyboard */; };
		CE0C0BC11BCCE99C007878EE /* BGPhotoPickerControllerDemoTests.swift in Sources */ = {isa = PBXBuildFile; fileRef = CE0C0BC01BCCE99C007878EE /* BGPhotoPickerControllerDemoTests.swift */; };
		CE0C0BCC1BCCE99C007878EE /* BGPhotoPickerControllerDemoUITests.swift in Sources */ = {isa = PBXBuildFile; fileRef = CE0C0BCB1BCCE99C007878EE /* BGPhotoPickerControllerDemoUITests.swift */; };
		CEFD70B11BE7C33D000FCF30 /* ImageSelectedOff@2x.png in Resources */ = {isa = PBXBuildFile; fileRef = CEFD70AF1BE7C33D000FCF30 /* ImageSelectedOff@2x.png */; };
		CEFD70B21BE7C33D000FCF30 /* ImageSelectedOff@3x.png in Resources */ = {isa = PBXBuildFile; fileRef = CEFD70B01BE7C33D000FCF30 /* ImageSelectedOff@3x.png */; };
		CEFD70B51BE7C35B000FCF30 /* ImageSelectedOn@2x.png in Resources */ = {isa = PBXBuildFile; fileRef = CEFD70B31BE7C35B000FCF30 /* ImageSelectedOn@2x.png */; };
		CEFD70B61BE7C35B000FCF30 /* ImageSelectedOn@3x.png in Resources */ = {isa = PBXBuildFile; fileRef = CEFD70B41BE7C35B000FCF30 /* ImageSelectedOn@3x.png */; };
/* End PBXBuildFile section */

/* Begin PBXContainerItemProxy section */
		CE0C0BBD1BCCE99C007878EE /* PBXContainerItemProxy */ = {
			isa = PBXContainerItemProxy;
			containerPortal = CE0C0BA01BCCE99C007878EE /* Project object */;
			proxyType = 1;
			remoteGlobalIDString = CE0C0BA71BCCE99C007878EE;
			remoteInfo = BGPhotoPickerControllerDemo;
		};
		CE0C0BC81BCCE99C007878EE /* PBXContainerItemProxy */ = {
			isa = PBXContainerItemProxy;
			containerPortal = CE0C0BA01BCCE99C007878EE /* Project object */;
			proxyType = 1;
			remoteGlobalIDString = CE0C0BA71BCCE99C007878EE;
			remoteInfo = BGPhotoPickerControllerDemo;
		};
/* End PBXContainerItemProxy section */

/* Begin PBXFileReference section */
		CE08B7B81BCE07700063FCE5 /* Constraint.swift */ = {isa = PBXFileReference; fileEncoding = 4; lastKnownFileType = sourcecode.swift; path = Constraint.swift; sourceTree = "<group>"; };
		CE08B7B91BCE07700063FCE5 /* ConstraintAttributes.swift */ = {isa = PBXFileReference; fileEncoding = 4; lastKnownFileType = sourcecode.swift; path = ConstraintAttributes.swift; sourceTree = "<group>"; };
		CE08B7BA1BCE07700063FCE5 /* ConstraintDescription.swift */ = {isa = PBXFileReference; fileEncoding = 4; lastKnownFileType = sourcecode.swift; path = ConstraintDescription.swift; sourceTree = "<group>"; };
		CE08B7BB1BCE07700063FCE5 /* ConstraintItem.swift */ = {isa = PBXFileReference; fileEncoding = 4; lastKnownFileType = sourcecode.swift; path = ConstraintItem.swift; sourceTree = "<group>"; };
		CE08B7BC1BCE07700063FCE5 /* ConstraintMaker.swift */ = {isa = PBXFileReference; fileEncoding = 4; lastKnownFileType = sourcecode.swift; path = ConstraintMaker.swift; sourceTree = "<group>"; };
		CE08B7BD1BCE07700063FCE5 /* ConstraintRelation.swift */ = {isa = PBXFileReference; fileEncoding = 4; lastKnownFileType = sourcecode.swift; path = ConstraintRelation.swift; sourceTree = "<group>"; };
		CE08B7BE1BCE07700063FCE5 /* Debugging.swift */ = {isa = PBXFileReference; fileEncoding = 4; lastKnownFileType = sourcecode.swift; path = Debugging.swift; sourceTree = "<group>"; };
		CE08B7BF1BCE07700063FCE5 /* EdgeInsets.swift */ = {isa = PBXFileReference; fileEncoding = 4; lastKnownFileType = sourcecode.swift; path = EdgeInsets.swift; sourceTree = "<group>"; };
		CE08B7C11BCE07700063FCE5 /* LayoutConstraint.swift */ = {isa = PBXFileReference; fileEncoding = 4; lastKnownFileType = sourcecode.swift; path = LayoutConstraint.swift; sourceTree = "<group>"; };
		CE08B7C21BCE07700063FCE5 /* SnapKit.h */ = {isa = PBXFileReference; fileEncoding = 4; lastKnownFileType = sourcecode.c.h; path = SnapKit.h; sourceTree = "<group>"; };
		CE08B7C31BCE07700063FCE5 /* SnapKit.swift */ = {isa = PBXFileReference; fileEncoding = 4; lastKnownFileType = sourcecode.swift; path = SnapKit.swift; sourceTree = "<group>"; };
		CE08B7C41BCE07700063FCE5 /* View+SnapKit.swift */ = {isa = PBXFileReference; fileEncoding = 4; lastKnownFileType = sourcecode.swift; path = "View+SnapKit.swift"; sourceTree = "<group>"; };
		CE08B7C51BCE07700063FCE5 /* ViewController+SnapKit.swift */ = {isa = PBXFileReference; fileEncoding = 4; lastKnownFileType = sourcecode.swift; path = "ViewController+SnapKit.swift"; sourceTree = "<group>"; };
		CE0B69341BE3708E006983F1 /* BGImagePickerController.swift */ = {isa = PBXFileReference; fileEncoding = 4; lastKnownFileType = sourcecode.swift; path = BGImagePickerController.swift; sourceTree = "<group>"; };
		CE0B69351BE3708E006983F1 /* BGPhotoBaseController.swift */ = {isa = PBXFileReference; fileEncoding = 4; lastKnownFileType = sourcecode.swift; path = BGPhotoBaseController.swift; sourceTree = "<group>"; };
		CE0B69361BE3708E006983F1 /* BGPhotoGrideController.swift */ = {isa = PBXFileReference; fileEncoding = 4; lastKnownFileType = sourcecode.swift; path = BGPhotoGrideController.swift; sourceTree = "<group>"; };
		CE0B69371BE3708E006983F1 /* BGPhotoGrideController.xib */ = {isa = PBXFileReference; fileEncoding = 4; lastKnownFileType = file.xib; path = BGPhotoGrideController.xib; sourceTree = "<group>"; };
		CE0B69381BE3708E006983F1 /* BGPhotoListViewController.swift */ = {isa = PBXFileReference; fileEncoding = 4; lastKnownFileType = sourcecode.swift; path = BGPhotoListViewController.swift; sourceTree = "<group>"; };
		CE0B69391BE3708E006983F1 /* BGPhotoPreviewViewController.swift */ = {isa = PBXFileReference; fileEncoding = 4; lastKnownFileType = sourcecode.swift; path = BGPhotoPreviewViewController.swift; sourceTree = "<group>"; };
		CE0B693A1BE3708E006983F1 /* BGPhotoPreviewViewController.xib */ = {isa = PBXFileReference; fileEncoding = 4; lastKnownFileType = file.xib; path = BGPhotoPreviewViewController.xib; sourceTree = "<group>"; };
		CE0B693C1BE3708E006983F1 /* BGPhotoAblum.swift */ = {isa = PBXFileReference; fileEncoding = 4; lastKnownFileType = sourcecode.swift; path = BGPhotoAblum.swift; sourceTree = "<group>"; };
		CE0B693D1BE3708E006983F1 /* BGPhotoAsset.swift */ = {isa = PBXFileReference; fileEncoding = 4; lastKnownFileType = sourcecode.swift; path = BGPhotoAsset.swift; sourceTree = "<group>"; };
		CE0B693F1BE3708E006983F1 /* AssetsPickerChecked@2x.png */ = {isa = PBXFileReference; lastKnownFileType = image.png; path = "AssetsPickerChecked@2x.png"; sourceTree = "<group>"; };
		CE0B69401BE3708E006983F1 /* nav_back@2x.png */ = {isa = PBXFileReference; lastKnownFileType = image.png; path = "nav_back@2x.png"; sourceTree = "<group>"; };
		CE0B69421BE3708E006983F1 /* BGPhotoGrideCell.swift */ = {isa = PBXFileReference; fileEncoding = 4; lastKnownFileType = sourcecode.swift; path = BGPhotoGrideCell.swift; sourceTree = "<group>"; };
		CE0B69431BE3708E006983F1 /* BGPhotoGrideCell.xib */ = {isa = PBXFileReference; fileEncoding = 4; lastKnownFileType = file.xib; path = BGPhotoGrideCell.xib; sourceTree = "<group>"; };
		CE0B69441BE3708E006983F1 /* BGPhotoListCell.swift */ = {isa = PBXFileReference; fileEncoding = 4; lastKnownFileType = sourcecode.swift; path = BGPhotoListCell.swift; sourceTree = "<group>"; };
		CE0B69451BE3708E006983F1 /* BGPhotoListCell.xib */ = {isa = PBXFileReference; fileEncoding = 4; lastKnownFileType = file.xib; path = BGPhotoListCell.xib; sourceTree = "<group>"; };
		CE0B69461BE3708E006983F1 /* BGPhotoPreviewCell.swift */ = {isa = PBXFileReference; fileEncoding = 4; lastKnownFileType = sourcecode.swift; path = BGPhotoPreviewCell.swift; sourceTree = "<group>"; };
		CE0B69471BE3708E006983F1 /* BGPhotoPreviewCell.xib */ = {isa = PBXFileReference; fileEncoding = 4; lastKnownFileType = file.xib; path = BGPhotoPreviewCell.xib; sourceTree = "<group>"; };
		CE0B69711BE37403006983F1 /* BGSelectImageLayout.swift */ = {isa = PBXFileReference; fileEncoding = 4; lastKnownFileType = sourcecode.swift; path = BGSelectImageLayout.swift; sourceTree = "<group>"; };
		CE0B69751BE37454006983F1 /* BGConstant.swift */ = {isa = PBXFileReference; fileEncoding = 4; lastKnownFileType = sourcecode.swift; path = BGConstant.swift; sourceTree = "<group>"; };
		CE0B69761BE37454006983F1 /* BGUtilFunction.swift */ = {isa = PBXFileReference; fileEncoding = 4; lastKnownFileType = sourcecode.swift; path = BGUtilFunction.swift; sourceTree = "<group>"; };
		CE0B69781BE37454006983F1 /* CGRect+BGExtension.swift */ = {isa = PBXFileReference; fileEncoding = 4; lastKnownFileType = sourcecode.swift; path = "CGRect+BGExtension.swift"; sourceTree = "<group>"; };
		CE0B69791BE37454006983F1 /* UIButton+BGExtension.swift */ = {isa = PBXFileReference; fileEncoding = 4; lastKnownFileType = sourcecode.swift; path = "UIButton+BGExtension.swift"; sourceTree = "<group>"; };
		CE0B697A1BE37454006983F1 /* UICollectionViewCell+BGExtension.swift */ = {isa = PBXFileReference; fileEncoding = 4; lastKnownFileType = sourcecode.swift; path = "UICollectionViewCell+BGExtension.swift"; sourceTree = "<group>"; };
		CE0B697B1BE37454006983F1 /* UIImage+BGExtension.swift */ = {isa = PBXFileReference; fileEncoding = 4; lastKnownFileType = sourcecode.swift; path = "UIImage+BGExtension.swift"; sourceTree = "<group>"; };
		CE0B697C1BE37454006983F1 /* UITableViewCell+BGExtension.swift */ = {isa = PBXFileReference; fileEncoding = 4; lastKnownFileType = sourcecode.swift; path = "UITableViewCell+BGExtension.swift"; sourceTree = "<group>"; };
		CE0B697D1BE37454006983F1 /* UIView+BGExtension.swift */ = {isa = PBXFileReference; fileEncoding = 4; lastKnownFileType = sourcecode.swift; path = "UIView+BGExtension.swift"; sourceTree = "<group>"; };
		CE0B697E1BE37454006983F1 /* UIViewController+BGExtension.swift */ = {isa = PBXFileReference; fileEncoding = 4; lastKnownFileType = sourcecode.swift; path = "UIViewController+BGExtension.swift"; sourceTree = "<group>"; };
		CE0B69891BE374F8006983F1 /* BGBaseViewController.swift */ = {isa = PBXFileReference; fileEncoding = 4; lastKnownFileType = sourcecode.swift; path = BGBaseViewController.swift; sourceTree = "<group>"; };
		CE0C0BA81BCCE99C007878EE /* BGPhotoPickerControllerDemo.app */ = {isa = PBXFileReference; explicitFileType = wrapper.application; includeInIndex = 0; path = BGPhotoPickerControllerDemo.app; sourceTree = BUILT_PRODUCTS_DIR; };
		CE0C0BAB1BCCE99C007878EE /* AppDelegate.swift */ = {isa = PBXFileReference; lastKnownFileType = sourcecode.swift; path = AppDelegate.swift; sourceTree = "<group>"; };
		CE0C0BAD1BCCE99C007878EE /* ViewController.swift */ = {isa = PBXFileReference; lastKnownFileType = sourcecode.swift; path = ViewController.swift; sourceTree = "<group>"; };
		CE0C0BB01BCCE99C007878EE /* Base */ = {isa = PBXFileReference; lastKnownFileType = file.storyboard; name = Base; path = Base.lproj/Main.storyboard; sourceTree = "<group>"; };
		CE0C0BB21BCCE99C007878EE /* Assets.xcassets */ = {isa = PBXFileReference; lastKnownFileType = folder.assetcatalog; path = Assets.xcassets; sourceTree = "<group>"; };
		CE0C0BB51BCCE99C007878EE /* Base */ = {isa = PBXFileReference; lastKnownFileType = file.storyboard; name = Base; path = Base.lproj/LaunchScreen.storyboard; sourceTree = "<group>"; };
		CE0C0BB71BCCE99C007878EE /* Info.plist */ = {isa = PBXFileReference; lastKnownFileType = text.plist.xml; path = Info.plist; sourceTree = "<group>"; };
		CE0C0BBC1BCCE99C007878EE /* BGPhotoPickerControllerDemoTests.xctest */ = {isa = PBXFileReference; explicitFileType = wrapper.cfbundle; includeInIndex = 0; path = BGPhotoPickerControllerDemoTests.xctest; sourceTree = BUILT_PRODUCTS_DIR; };
		CE0C0BC01BCCE99C007878EE /* BGPhotoPickerControllerDemoTests.swift */ = {isa = PBXFileReference; lastKnownFileType = sourcecode.swift; path = BGPhotoPickerControllerDemoTests.swift; sourceTree = "<group>"; };
		CE0C0BC21BCCE99C007878EE /* Info.plist */ = {isa = PBXFileReference; lastKnownFileType = text.plist.xml; path = Info.plist; sourceTree = "<group>"; };
		CE0C0BC71BCCE99C007878EE /* BGPhotoPickerControllerDemoUITests.xctest */ = {isa = PBXFileReference; explicitFileType = wrapper.cfbundle; includeInIndex = 0; path = BGPhotoPickerControllerDemoUITests.xctest; sourceTree = BUILT_PRODUCTS_DIR; };
		CE0C0BCB1BCCE99C007878EE /* BGPhotoPickerControllerDemoUITests.swift */ = {isa = PBXFileReference; lastKnownFileType = sourcecode.swift; path = BGPhotoPickerControllerDemoUITests.swift; sourceTree = "<group>"; };
		CE0C0BCD1BCCE99C007878EE /* Info.plist */ = {isa = PBXFileReference; lastKnownFileType = text.plist.xml; path = Info.plist; sourceTree = "<group>"; };
		CEFD70AF1BE7C33D000FCF30 /* ImageSelectedOff@2x.png */ = {isa = PBXFileReference; lastKnownFileType = image.png; path = "ImageSelectedOff@2x.png"; sourceTree = "<group>"; };
		CEFD70B01BE7C33D000FCF30 /* ImageSelectedOff@3x.png */ = {isa = PBXFileReference; lastKnownFileType = image.png; path = "ImageSelectedOff@3x.png"; sourceTree = "<group>"; };
		CEFD70B31BE7C35B000FCF30 /* ImageSelectedOn@2x.png */ = {isa = PBXFileReference; lastKnownFileType = image.png; path = "ImageSelectedOn@2x.png"; sourceTree = "<group>"; };
		CEFD70B41BE7C35B000FCF30 /* ImageSelectedOn@3x.png */ = {isa = PBXFileReference; lastKnownFileType = image.png; path = "ImageSelectedOn@3x.png"; sourceTree = "<group>"; };
/* End PBXFileReference section */

/* Begin PBXFrameworksBuildPhase section */
		CE0C0BA51BCCE99C007878EE /* Frameworks */ = {
			isa = PBXFrameworksBuildPhase;
			buildActionMask = 2147483647;
			files = (
			);
			runOnlyForDeploymentPostprocessing = 0;
		};
		CE0C0BB91BCCE99C007878EE /* Frameworks */ = {
			isa = PBXFrameworksBuildPhase;
			buildActionMask = 2147483647;
			files = (
			);
			runOnlyForDeploymentPostprocessing = 0;
		};
		CE0C0BC41BCCE99C007878EE /* Frameworks */ = {
			isa = PBXFrameworksBuildPhase;
			buildActionMask = 2147483647;
			files = (
			);
			runOnlyForDeploymentPostprocessing = 0;
		};
/* End PBXFrameworksBuildPhase section */

/* Begin PBXGroup section */
		CE08B7B71BCE07700063FCE5 /* Snapkit */ = {
			isa = PBXGroup;
			children = (
				CE08B7B81BCE07700063FCE5 /* Constraint.swift */,
				CE08B7B91BCE07700063FCE5 /* ConstraintAttributes.swift */,
				CE08B7BA1BCE07700063FCE5 /* ConstraintDescription.swift */,
				CE08B7BB1BCE07700063FCE5 /* ConstraintItem.swift */,
				CE08B7BC1BCE07700063FCE5 /* ConstraintMaker.swift */,
				CE08B7BD1BCE07700063FCE5 /* ConstraintRelation.swift */,
				CE08B7BE1BCE07700063FCE5 /* Debugging.swift */,
				CE08B7BF1BCE07700063FCE5 /* EdgeInsets.swift */,
				CE08B7C11BCE07700063FCE5 /* LayoutConstraint.swift */,
				CE08B7C21BCE07700063FCE5 /* SnapKit.h */,
				CE08B7C31BCE07700063FCE5 /* SnapKit.swift */,
				CE08B7C41BCE07700063FCE5 /* View+SnapKit.swift */,
				CE08B7C51BCE07700063FCE5 /* ViewController+SnapKit.swift */,
			);
			name = Snapkit;
			path = Source;
			sourceTree = "<group>";
		};
		CE0B69311BE3708E006983F1 /* BGPhotoPickerController */ = {
			isa = PBXGroup;
			children = (
				CE0B69701BE373FA006983F1 /* Layout */,
				CE0B69331BE3708E006983F1 /* Controller */,
				CE0B693B1BE3708E006983F1 /* Model */,
				CE0B693E1BE3708E006983F1 /* Resource */,
				CE0B69411BE3708E006983F1 /* Views */,
			);
			name = BGPhotoPickerController;
			path = ../BGPhotoPickerController;
			sourceTree = "<group>";
		};
		CE0B69331BE3708E006983F1 /* Controller */ = {
			isa = PBXGroup;
			children = (
				CE0B69341BE3708E006983F1 /* BGImagePickerController.swift */,
				CE0B69351BE3708E006983F1 /* BGPhotoBaseController.swift */,
				CE0B69361BE3708E006983F1 /* BGPhotoGrideController.swift */,
				CE0B69371BE3708E006983F1 /* BGPhotoGrideController.xib */,
				CE0B69381BE3708E006983F1 /* BGPhotoListViewController.swift */,
				CE0B69391BE3708E006983F1 /* BGPhotoPreviewViewController.swift */,
				CE0B693A1BE3708E006983F1 /* BGPhotoPreviewViewController.xib */,
			);
			path = Controller;
			sourceTree = "<group>";
		};
		CE0B693B1BE3708E006983F1 /* Model */ = {
			isa = PBXGroup;
			children = (
				CE0B693C1BE3708E006983F1 /* BGPhotoAblum.swift */,
				CE0B693D1BE3708E006983F1 /* BGPhotoAsset.swift */,
			);
			path = Model;
			sourceTree = "<group>";
		};
		CE0B693E1BE3708E006983F1 /* Resource */ = {
			isa = PBXGroup;
			children = (
				CEFD70B31BE7C35B000FCF30 /* ImageSelectedOn@2x.png */,
				CEFD70B41BE7C35B000FCF30 /* ImageSelectedOn@3x.png */,
				CEFD70AF1BE7C33D000FCF30 /* ImageSelectedOff@2x.png */,
				CEFD70B01BE7C33D000FCF30 /* ImageSelectedOff@3x.png */,
				CE0B693F1BE3708E006983F1 /* AssetsPickerChecked@2x.png */,
				CE0B69401BE3708E006983F1 /* nav_back@2x.png */,
			);
			path = Resource;
			sourceTree = "<group>";
		};
		CE0B69411BE3708E006983F1 /* Views */ = {
			isa = PBXGroup;
			children = (
				CE0B69421BE3708E006983F1 /* BGPhotoGrideCell.swift */,
				CE0B69431BE3708E006983F1 /* BGPhotoGrideCell.xib */,
				CE0B69441BE3708E006983F1 /* BGPhotoListCell.swift */,
				CE0B69451BE3708E006983F1 /* BGPhotoListCell.xib */,
				CE0B69461BE3708E006983F1 /* BGPhotoPreviewCell.swift */,
				CE0B69471BE3708E006983F1 /* BGPhotoPreviewCell.xib */,
			);
			path = Views;
			sourceTree = "<group>";
		};
		CE0B69701BE373FA006983F1 /* Layout */ = {
			isa = PBXGroup;
			children = (
				CE0B69711BE37403006983F1 /* BGSelectImageLayout.swift */,
			);
			path = Layout;
			sourceTree = "<group>";
		};
		CE0B69731BE37454006983F1 /* BGFoundationKit */ = {
			isa = PBXGroup;
			children = (
				CE0B69891BE374F8006983F1 /* BGBaseViewController.swift */,
				CE0B69751BE37454006983F1 /* BGConstant.swift */,
				CE0B69761BE37454006983F1 /* BGUtilFunction.swift */,
				CE0B69771BE37454006983F1 /* Extension */,
			);
			path = BGFoundationKit;
			sourceTree = "<group>";
		};
		CE0B69771BE37454006983F1 /* Extension */ = {
			isa = PBXGroup;
			children = (
				CE0B69781BE37454006983F1 /* CGRect+BGExtension.swift */,
				CE0B69791BE37454006983F1 /* UIButton+BGExtension.swift */,
				CE0B697A1BE37454006983F1 /* UICollectionViewCell+BGExtension.swift */,
				CE0B697B1BE37454006983F1 /* UIImage+BGExtension.swift */,
				CE0B697C1BE37454006983F1 /* UITableViewCell+BGExtension.swift */,
				CE0B697D1BE37454006983F1 /* UIView+BGExtension.swift */,
				CE0B697E1BE37454006983F1 /* UIViewController+BGExtension.swift */,
			);
			path = Extension;
			sourceTree = "<group>";
		};
		CE0C0B9F1BCCE99C007878EE = {
			isa = PBXGroup;
			children = (
				CE0B69311BE3708E006983F1 /* BGPhotoPickerController */,
				CE0C0BAA1BCCE99C007878EE /* BGPhotoPickerControllerDemo */,
				CE0C0BBF1BCCE99C007878EE /* BGPhotoPickerControllerDemoTests */,
				CE0C0BCA1BCCE99C007878EE /* BGPhotoPickerControllerDemoUITests */,
				CE0C0BA91BCCE99C007878EE /* Products */,
			);
			sourceTree = "<group>";
		};
		CE0C0BA91BCCE99C007878EE /* Products */ = {
			isa = PBXGroup;
			children = (
				CE0C0BA81BCCE99C007878EE /* BGPhotoPickerControllerDemo.app */,
				CE0C0BBC1BCCE99C007878EE /* BGPhotoPickerControllerDemoTests.xctest */,
				CE0C0BC71BCCE99C007878EE /* BGPhotoPickerControllerDemoUITests.xctest */,
			);
			name = Products;
			sourceTree = "<group>";
		};
		CE0C0BAA1BCCE99C007878EE /* BGPhotoPickerControllerDemo */ = {
			isa = PBXGroup;
			children = (
				CE0B69731BE37454006983F1 /* BGFoundationKit */,
				CE08B7B71BCE07700063FCE5 /* Snapkit */,
				CE0C0BAB1BCCE99C007878EE /* AppDelegate.swift */,
				CE0C0BAD1BCCE99C007878EE /* ViewController.swift */,
				CE0C0BAF1BCCE99C007878EE /* Main.storyboard */,
				CE0C0BB21BCCE99C007878EE /* Assets.xcassets */,
				CE0C0BB41BCCE99C007878EE /* LaunchScreen.storyboard */,
				CE0C0BB71BCCE99C007878EE /* Info.plist */,
			);
			path = BGPhotoPickerControllerDemo;
			sourceTree = "<group>";
		};
		CE0C0BBF1BCCE99C007878EE /* BGPhotoPickerControllerDemoTests */ = {
			isa = PBXGroup;
			children = (
				CE0C0BC01BCCE99C007878EE /* BGPhotoPickerControllerDemoTests.swift */,
				CE0C0BC21BCCE99C007878EE /* Info.plist */,
			);
			path = BGPhotoPickerControllerDemoTests;
			sourceTree = "<group>";
		};
		CE0C0BCA1BCCE99C007878EE /* BGPhotoPickerControllerDemoUITests */ = {
			isa = PBXGroup;
			children = (
				CE0C0BCB1BCCE99C007878EE /* BGPhotoPickerControllerDemoUITests.swift */,
				CE0C0BCD1BCCE99C007878EE /* Info.plist */,
			);
			path = BGPhotoPickerControllerDemoUITests;
			sourceTree = "<group>";
		};
/* End PBXGroup section */

/* Begin PBXNativeTarget section */
		CE0C0BA71BCCE99C007878EE /* BGPhotoPickerControllerDemo */ = {
			isa = PBXNativeTarget;
			buildConfigurationList = CE0C0BD01BCCE99C007878EE /* Build configuration list for PBXNativeTarget "BGPhotoPickerControllerDemo" */;
			buildPhases = (
				CE0C0BA41BCCE99C007878EE /* Sources */,
				CE0C0BA51BCCE99C007878EE /* Frameworks */,
				CE0C0BA61BCCE99C007878EE /* Resources */,
			);
			buildRules = (
			);
			dependencies = (
			);
			name = BGPhotoPickerControllerDemo;
			productName = BGPhotoPickerControllerDemo;
			productReference = CE0C0BA81BCCE99C007878EE /* BGPhotoPickerControllerDemo.app */;
			productType = "com.apple.product-type.application";
		};
		CE0C0BBB1BCCE99C007878EE /* BGPhotoPickerControllerDemoTests */ = {
			isa = PBXNativeTarget;
			buildConfigurationList = CE0C0BD31BCCE99C007878EE /* Build configuration list for PBXNativeTarget "BGPhotoPickerControllerDemoTests" */;
			buildPhases = (
				CE0C0BB81BCCE99C007878EE /* Sources */,
				CE0C0BB91BCCE99C007878EE /* Frameworks */,
				CE0C0BBA1BCCE99C007878EE /* Resources */,
			);
			buildRules = (
			);
			dependencies = (
				CE0C0BBE1BCCE99C007878EE /* PBXTargetDependency */,
			);
			name = BGPhotoPickerControllerDemoTests;
			productName = BGPhotoPickerControllerDemoTests;
			productReference = CE0C0BBC1BCCE99C007878EE /* BGPhotoPickerControllerDemoTests.xctest */;
			productType = "com.apple.product-type.bundle.unit-test";
		};
		CE0C0BC61BCCE99C007878EE /* BGPhotoPickerControllerDemoUITests */ = {
			isa = PBXNativeTarget;
			buildConfigurationList = CE0C0BD61BCCE99C007878EE /* Build configuration list for PBXNativeTarget "BGPhotoPickerControllerDemoUITests" */;
			buildPhases = (
				CE0C0BC31BCCE99C007878EE /* Sources */,
				CE0C0BC41BCCE99C007878EE /* Frameworks */,
				CE0C0BC51BCCE99C007878EE /* Resources */,
			);
			buildRules = (
			);
			dependencies = (
				CE0C0BC91BCCE99C007878EE /* PBXTargetDependency */,
			);
			name = BGPhotoPickerControllerDemoUITests;
			productName = BGPhotoPickerControllerDemoUITests;
			productReference = CE0C0BC71BCCE99C007878EE /* BGPhotoPickerControllerDemoUITests.xctest */;
			productType = "com.apple.product-type.bundle.ui-testing";
		};
/* End PBXNativeTarget section */

/* Begin PBXProject section */
		CE0C0BA01BCCE99C007878EE /* Project object */ = {
			isa = PBXProject;
			attributes = {
				LastUpgradeCheck = 0700;
				ORGANIZATIONNAME = BG;
				TargetAttributes = {
					CE0C0BA71BCCE99C007878EE = {
						CreatedOnToolsVersion = 7.0.1;
					};
					CE0C0BBB1BCCE99C007878EE = {
						CreatedOnToolsVersion = 7.0.1;
						TestTargetID = CE0C0BA71BCCE99C007878EE;
					};
					CE0C0BC61BCCE99C007878EE = {
						CreatedOnToolsVersion = 7.0.1;
						TestTargetID = CE0C0BA71BCCE99C007878EE;
					};
				};
			};
			buildConfigurationList = CE0C0BA31BCCE99C007878EE /* Build configuration list for PBXProject "BGPhotoPickerControllerDemo" */;
			compatibilityVersion = "Xcode 3.2";
			developmentRegion = English;
			hasScannedForEncodings = 0;
			knownRegions = (
				en,
				Base,
			);
			mainGroup = CE0C0B9F1BCCE99C007878EE;
			productRefGroup = CE0C0BA91BCCE99C007878EE /* Products */;
			projectDirPath = "";
			projectRoot = "";
			targets = (
				CE0C0BA71BCCE99C007878EE /* BGPhotoPickerControllerDemo */,
				CE0C0BBB1BCCE99C007878EE /* BGPhotoPickerControllerDemoTests */,
				CE0C0BC61BCCE99C007878EE /* BGPhotoPickerControllerDemoUITests */,
			);
		};
/* End PBXProject section */

/* Begin PBXResourcesBuildPhase section */
		CE0C0BA61BCCE99C007878EE /* Resources */ = {
			isa = PBXResourcesBuildPhase;
			buildActionMask = 2147483647;
			files = (
				CE0B69591BE3708E006983F1 /* BGPhotoPreviewCell.xib in Resources */,
				CE0C0BB61BCCE99C007878EE /* LaunchScreen.storyboard in Resources */,
				CEFD70B11BE7C33D000FCF30 /* ImageSelectedOff@2x.png in Resources */,
				CE0B69521BE3708E006983F1 /* AssetsPickerChecked@2x.png in Resources */,
				CE0B694F1BE3708E006983F1 /* BGPhotoPreviewViewController.xib in Resources */,
				CEFD70B61BE7C35B000FCF30 /* ImageSelectedOn@3x.png in Resources */,
				CE0B69551BE3708E006983F1 /* BGPhotoGrideCell.xib in Resources */,
				CE0B694C1BE3708E006983F1 /* BGPhotoGrideController.xib in Resources */,
				CE0B69571BE3708E006983F1 /* BGPhotoListCell.xib in Resources */,
				CEFD70B21BE7C33D000FCF30 /* ImageSelectedOff@3x.png in Resources */,
				CEFD70B51BE7C35B000FCF30 /* ImageSelectedOn@2x.png in Resources */,
				CE0B69531BE3708E006983F1 /* nav_back@2x.png in Resources */,
				CE0C0BB31BCCE99C007878EE /* Assets.xcassets in Resources */,
				CE0C0BB11BCCE99C007878EE /* Main.storyboard in Resources */,
			);
			runOnlyForDeploymentPostprocessing = 0;
		};
		CE0C0BBA1BCCE99C007878EE /* Resources */ = {
			isa = PBXResourcesBuildPhase;
			buildActionMask = 2147483647;
			files = (
			);
			runOnlyForDeploymentPostprocessing = 0;
		};
		CE0C0BC51BCCE99C007878EE /* Resources */ = {
			isa = PBXResourcesBuildPhase;
			buildActionMask = 2147483647;
			files = (
			);
			runOnlyForDeploymentPostprocessing = 0;
		};
/* End PBXResourcesBuildPhase section */

/* Begin PBXSourcesBuildPhase section */
		CE0C0BA41BCCE99C007878EE /* Sources */ = {
			isa = PBXSourcesBuildPhase;
			buildActionMask = 2147483647;
			files = (
				CE0B69811BE37454006983F1 /* BGUtilFunction.swift in Sources */,
				CE0B69511BE3708E006983F1 /* BGPhotoAsset.swift in Sources */,
				CE0B69881BE37454006983F1 /* UIViewController+BGExtension.swift in Sources */,
				CE08B7C61BCE07700063FCE5 /* Constraint.swift in Sources */,
				CE0B69871BE37454006983F1 /* UIView+BGExtension.swift in Sources */,
				CE0B69541BE3708E006983F1 /* BGPhotoGrideCell.swift in Sources */,
				CE0B698A1BE374F8006983F1 /* BGBaseViewController.swift in Sources */,
				CE0C0BAE1BCCE99C007878EE /* ViewController.swift in Sources */,
				CE0B69581BE3708E006983F1 /* BGPhotoPreviewCell.swift in Sources */,
				CE0B69851BE37454006983F1 /* UIImage+BGExtension.swift in Sources */,
				CE08B7D21BCE07700063FCE5 /* ViewController+SnapKit.swift in Sources */,
				CE0B694A1BE3708E006983F1 /* BGPhotoBaseController.swift in Sources */,
				CE08B7C71BCE07700063FCE5 /* ConstraintAttributes.swift in Sources */,
				CE08B7CD1BCE07700063FCE5 /* EdgeInsets.swift in Sources */,
				CE0B69841BE37454006983F1 /* UICollectionViewCell+BGExtension.swift in Sources */,
				CE0C0BAC1BCCE99C007878EE /* AppDelegate.swift in Sources */,
				CE0B69861BE37454006983F1 /* UITableViewCell+BGExtension.swift in Sources */,
				CE0B694B1BE3708E006983F1 /* BGPhotoGrideController.swift in Sources */,
				CE0B69491BE3708E006983F1 /* BGImagePickerController.swift in Sources */,
				CE0B69561BE3708E006983F1 /* BGPhotoListCell.swift in Sources */,
				CE08B7CC1BCE07700063FCE5 /* Debugging.swift in Sources */,
				CE0B69721BE37403006983F1 /* BGSelectImageLayout.swift in Sources */,
				CE0B69801BE37454006983F1 /* BGConstant.swift in Sources */,
				CE08B7D01BCE07700063FCE5 /* SnapKit.swift in Sources */,
				CE0B69831BE37454006983F1 /* UIButton+BGExtension.swift in Sources */,
				CE0B694D1BE3708E006983F1 /* BGPhotoListViewController.swift in Sources */,
				CE0B69821BE37454006983F1 /* CGRect+BGExtension.swift in Sources */,
				CE0B69501BE3708E006983F1 /* BGPhotoAblum.swift in Sources */,
				CE08B7D11BCE07700063FCE5 /* View+SnapKit.swift in Sources */,
				CE0B694E1BE3708E006983F1 /* BGPhotoPreviewViewController.swift in Sources */,
				CE08B7CB1BCE07700063FCE5 /* ConstraintRelation.swift in Sources */,
				CE08B7CA1BCE07700063FCE5 /* ConstraintMaker.swift in Sources */,
				CE08B7CF1BCE07700063FCE5 /* LayoutConstraint.swift in Sources */,
				CE08B7C81BCE07700063FCE5 /* ConstraintDescription.swift in Sources */,
				CE08B7C91BCE07700063FCE5 /* ConstraintItem.swift in Sources */,
			);
			runOnlyForDeploymentPostprocessing = 0;
		};
		CE0C0BB81BCCE99C007878EE /* Sources */ = {
			isa = PBXSourcesBuildPhase;
			buildActionMask = 2147483647;
			files = (
				CE0C0BC11BCCE99C007878EE /* BGPhotoPickerControllerDemoTests.swift in Sources */,
			);
			runOnlyForDeploymentPostprocessing = 0;
		};
		CE0C0BC31BCCE99C007878EE /* Sources */ = {
			isa = PBXSourcesBuildPhase;
			buildActionMask = 2147483647;
			files = (
				CE0C0BCC1BCCE99C007878EE /* BGPhotoPickerControllerDemoUITests.swift in Sources */,
			);
			runOnlyForDeploymentPostprocessing = 0;
		};
/* End PBXSourcesBuildPhase section */

/* Begin PBXTargetDependency section */
		CE0C0BBE1BCCE99C007878EE /* PBXTargetDependency */ = {
			isa = PBXTargetDependency;
			target = CE0C0BA71BCCE99C007878EE /* BGPhotoPickerControllerDemo */;
			targetProxy = CE0C0BBD1BCCE99C007878EE /* PBXContainerItemProxy */;
		};
		CE0C0BC91BCCE99C007878EE /* PBXTargetDependency */ = {
			isa = PBXTargetDependency;
			target = CE0C0BA71BCCE99C007878EE /* BGPhotoPickerControllerDemo */;
			targetProxy = CE0C0BC81BCCE99C007878EE /* PBXContainerItemProxy */;
		};
/* End PBXTargetDependency section */

/* Begin PBXVariantGroup section */
		CE0C0BAF1BCCE99C007878EE /* Main.storyboard */ = {
			isa = PBXVariantGroup;
			children = (
				CE0C0BB01BCCE99C007878EE /* Base */,
			);
			name = Main.storyboard;
			sourceTree = "<group>";
		};
		CE0C0BB41BCCE99C007878EE /* LaunchScreen.storyboard */ = {
			isa = PBXVariantGroup;
			children = (
				CE0C0BB51BCCE99C007878EE /* Base */,
			);
			name = LaunchScreen.storyboard;
			sourceTree = "<group>";
		};
/* End PBXVariantGroup section */

/* Begin XCBuildConfiguration section */
		CE0C0BCE1BCCE99C007878EE /* Debug */ = {
			isa = XCBuildConfiguration;
			buildSettings = {
				ALWAYS_SEARCH_USER_PATHS = NO;
				CLANG_CXX_LANGUAGE_STANDARD = "gnu++0x";
				CLANG_CXX_LIBRARY = "libc++";
				CLANG_ENABLE_MODULES = YES;
				CLANG_ENABLE_OBJC_ARC = YES;
				CLANG_WARN_BOOL_CONVERSION = YES;
				CLANG_WARN_CONSTANT_CONVERSION = YES;
				CLANG_WARN_DIRECT_OBJC_ISA_USAGE = YES_ERROR;
				CLANG_WARN_EMPTY_BODY = YES;
				CLANG_WARN_ENUM_CONVERSION = YES;
				CLANG_WARN_INT_CONVERSION = YES;
				CLANG_WARN_OBJC_ROOT_CLASS = YES_ERROR;
				CLANG_WARN_UNREACHABLE_CODE = YES;
				CLANG_WARN__DUPLICATE_METHOD_MATCH = YES;
				"CODE_SIGN_IDENTITY[sdk=iphoneos*]" = "iPhone Developer";
				COPY_PHASE_STRIP = NO;
				DEBUG_INFORMATION_FORMAT = dwarf;
				ENABLE_STRICT_OBJC_MSGSEND = YES;
				ENABLE_TESTABILITY = YES;
				GCC_C_LANGUAGE_STANDARD = gnu99;
				GCC_DYNAMIC_NO_PIC = NO;
				GCC_NO_COMMON_BLOCKS = YES;
				GCC_OPTIMIZATION_LEVEL = 0;
				GCC_PREPROCESSOR_DEFINITIONS = (
					"DEBUG=1",
					"$(inherited)",
				);
				GCC_WARN_64_TO_32_BIT_CONVERSION = YES;
				GCC_WARN_ABOUT_RETURN_TYPE = YES_ERROR;
				GCC_WARN_UNDECLARED_SELECTOR = YES;
				GCC_WARN_UNINITIALIZED_AUTOS = YES_AGGRESSIVE;
				GCC_WARN_UNUSED_FUNCTION = YES;
				GCC_WARN_UNUSED_VARIABLE = YES;
				IPHONEOS_DEPLOYMENT_TARGET = 9.0;
				MTL_ENABLE_DEBUG_INFO = YES;
				ONLY_ACTIVE_ARCH = YES;
				SDKROOT = iphoneos;
				SWIFT_OPTIMIZATION_LEVEL = "-Onone";
			};
			name = Debug;
		};
		CE0C0BCF1BCCE99C007878EE /* Release */ = {
			isa = XCBuildConfiguration;
			buildSettings = {
				ALWAYS_SEARCH_USER_PATHS = NO;
				CLANG_CXX_LANGUAGE_STANDARD = "gnu++0x";
				CLANG_CXX_LIBRARY = "libc++";
				CLANG_ENABLE_MODULES = YES;
				CLANG_ENABLE_OBJC_ARC = YES;
				CLANG_WARN_BOOL_CONVERSION = YES;
				CLANG_WARN_CONSTANT_CONVERSION = YES;
				CLANG_WARN_DIRECT_OBJC_ISA_USAGE = YES_ERROR;
				CLANG_WARN_EMPTY_BODY = YES;
				CLANG_WARN_ENUM_CONVERSION = YES;
				CLANG_WARN_INT_CONVERSION = YES;
				CLANG_WARN_OBJC_ROOT_CLASS = YES_ERROR;
				CLANG_WARN_UNREACHABLE_CODE = YES;
				CLANG_WARN__DUPLICATE_METHOD_MATCH = YES;
				"CODE_SIGN_IDENTITY[sdk=iphoneos*]" = "iPhone Developer";
				COPY_PHASE_STRIP = NO;
				DEBUG_INFORMATION_FORMAT = "dwarf-with-dsym";
				ENABLE_NS_ASSERTIONS = NO;
				ENABLE_STRICT_OBJC_MSGSEND = YES;
				GCC_C_LANGUAGE_STANDARD = gnu99;
				GCC_NO_COMMON_BLOCKS = YES;
				GCC_WARN_64_TO_32_BIT_CONVERSION = YES;
				GCC_WARN_ABOUT_RETURN_TYPE = YES_ERROR;
				GCC_WARN_UNDECLARED_SELECTOR = YES;
				GCC_WARN_UNINITIALIZED_AUTOS = YES_AGGRESSIVE;
				GCC_WARN_UNUSED_FUNCTION = YES;
				GCC_WARN_UNUSED_VARIABLE = YES;
				IPHONEOS_DEPLOYMENT_TARGET = 9.0;
				MTL_ENABLE_DEBUG_INFO = NO;
				SDKROOT = iphoneos;
				VALIDATE_PRODUCT = YES;
			};
			name = Release;
		};
		CE0C0BD11BCCE99C007878EE /* Debug */ = {
			isa = XCBuildConfiguration;
			buildSettings = {
				ASSETCATALOG_COMPILER_APPICON_NAME = AppIcon;
				CODE_SIGN_IDENTITY = "iPhone Developer: shebing yang (EGKR2LRY9E)";
				INFOPLIST_FILE = BGPhotoPickerControllerDemo/Info.plist;
				IPHONEOS_DEPLOYMENT_TARGET = 8.0;
				LD_RUNPATH_SEARCH_PATHS = "$(inherited) @executable_path/Frameworks";
				PRODUCT_BUNDLE_IDENTIFIER = BG.BGPhotoPickerControllerDemo;
				PRODUCT_NAME = "$(TARGET_NAME)";
				PROVISIONING_PROFILE = "527e517b-8899-469d-adb3-126ca93eb839";
			};
			name = Debug;
		};
		CE0C0BD21BCCE99C007878EE /* Release */ = {
			isa = XCBuildConfiguration;
			buildSettings = {
				ASSETCATALOG_COMPILER_APPICON_NAME = AppIcon;
				INFOPLIST_FILE = BGPhotoPickerControllerDemo/Info.plist;
				IPHONEOS_DEPLOYMENT_TARGET = 8.0;
				LD_RUNPATH_SEARCH_PATHS = "$(inherited) @executable_path/Frameworks";
				PRODUCT_BUNDLE_IDENTIFIER = BG.BGPhotoPickerControllerDemo;
				PRODUCT_NAME = "$(TARGET_NAME)";
				PROVISIONING_PROFILE = "527e517b-8899-469d-adb3-126ca93eb839";
			};
			name = Release;
		};
		CE0C0BD41BCCE99C007878EE /* Debug */ = {
			isa = XCBuildConfiguration;
			buildSettings = {
				BUNDLE_LOADER = "$(TEST_HOST)";
				INFOPLIST_FILE = BGPhotoPickerControllerDemoTests/Info.plist;
				LD_RUNPATH_SEARCH_PATHS = "$(inherited) @executable_path/Frameworks @loader_path/Frameworks";
				PRODUCT_BUNDLE_IDENTIFIER = BG.BGPhotoPickerControllerDemoTests;
				PRODUCT_NAME = "$(TARGET_NAME)";
				TEST_HOST = "$(BUILT_PRODUCTS_DIR)/BGPhotoPickerControllerDemo.app/BGPhotoPickerControllerDemo";
			};
			name = Debug;
		};
		CE0C0BD51BCCE99C007878EE /* Release */ = {
			isa = XCBuildConfiguration;
			buildSettings = {
				BUNDLE_LOADER = "$(TEST_HOST)";
				INFOPLIST_FILE = BGPhotoPickerControllerDemoTests/Info.plist;
				LD_RUNPATH_SEARCH_PATHS = "$(inherited) @executable_path/Frameworks @loader_path/Frameworks";
				PRODUCT_BUNDLE_IDENTIFIER = BG.BGPhotoPickerControllerDemoTests;
				PRODUCT_NAME = "$(TARGET_NAME)";
				TEST_HOST = "$(BUILT_PRODUCTS_DIR)/BGPhotoPickerControllerDemo.app/BGPhotoPickerControllerDemo";
			};
			name = Release;
		};
		CE0C0BD71BCCE99C007878EE /* Debug */ = {
			isa = XCBuildConfiguration;
			buildSettings = {
				INFOPLIST_FILE = BGPhotoPickerControllerDemoUITests/Info.plist;
				LD_RUNPATH_SEARCH_PATHS = "$(inherited) @executable_path/Frameworks @loader_path/Frameworks";
				PRODUCT_BUNDLE_IDENTIFIER = BG.BGPhotoPickerControllerDemoUITests;
				PRODUCT_NAME = "$(TARGET_NAME)";
				TEST_TARGET_NAME = BGPhotoPickerControllerDemo;
				USES_XCTRUNNER = YES;
			};
			name = Debug;
		};
		CE0C0BD81BCCE99C007878EE /* Release */ = {
			isa = XCBuildConfiguration;
			buildSettings = {
				INFOPLIST_FILE = BGPhotoPickerControllerDemoUITests/Info.plist;
				LD_RUNPATH_SEARCH_PATHS = "$(inherited) @executable_path/Frameworks @loader_path/Frameworks";
				PRODUCT_BUNDLE_IDENTIFIER = BG.BGPhotoPickerControllerDemoUITests;
				PRODUCT_NAME = "$(TARGET_NAME)";
				TEST_TARGET_NAME = BGPhotoPickerControllerDemo;
				USES_XCTRUNNER = YES;
			};
			name = Release;
		};
/* End XCBuildConfiguration section */

/* Begin XCConfigurationList section */
		CE0C0BA31BCCE99C007878EE /* Build configuration list for PBXProject "BGPhotoPickerControllerDemo" */ = {
			isa = XCConfigurationList;
			buildConfigurations = (
				CE0C0BCE1BCCE99C007878EE /* Debug */,
				CE0C0BCF1BCCE99C007878EE /* Release */,
			);
			defaultConfigurationIsVisible = 0;
			defaultConfigurationName = Release;
		};
		CE0C0BD01BCCE99C007878EE /* Build configuration list for PBXNativeTarget "BGPhotoPickerControllerDemo" */ = {
			isa = XCConfigurationList;
			buildConfigurations = (
				CE0C0BD11BCCE99C007878EE /* Debug */,
				CE0C0BD21BCCE99C007878EE /* Release */,
			);
			defaultConfigurationIsVisible = 0;
			defaultConfigurationName = Release;
		};
		CE0C0BD31BCCE99C007878EE /* Build configuration list for PBXNativeTarget "BGPhotoPickerControllerDemoTests" */ = {
			isa = XCConfigurationList;
			buildConfigurations = (
				CE0C0BD41BCCE99C007878EE /* Debug */,
				CE0C0BD51BCCE99C007878EE /* Release */,
			);
			defaultConfigurationIsVisible = 0;
			defaultConfigurationName = Release;
		};
		CE0C0BD61BCCE99C007878EE /* Build configuration list for PBXNativeTarget "BGPhotoPickerControllerDemoUITests" */ = {
			isa = XCConfigurationList;
			buildConfigurations = (
				CE0C0BD71BCCE99C007878EE /* Debug */,
				CE0C0BD81BCCE99C007878EE /* Release */,
			);
			defaultConfigurationIsVisible = 0;
			defaultConfigurationName = Release;
		};
/* End XCConfigurationList section */
	};
	rootObject = CE0C0BA01BCCE99C007878EE /* Project object */;
}
